
Microsoft Visual Studio Solution File, Format Version 12.00
# Visual Studio Version 16
VisualStudioVersion = 16.0.29920.165
MinimumVisualStudioVersion = 10.0.40219.1
Project("{8BC9CEB8-8B4A-11D0-8D11-00A0C91BC942}") = "blackcat-opentx", "blackcat-opentx.vcxproj", "{838CF6E3-0038-4491-B9F6-1474F84F159E}"
EndProject
Global
	GlobalSection(SolutionConfigurationPlatforms) = preSolution
		SAM4S16C|VisualGDB = SAM4S16C|VisualGDB
	EndGlobalSection
	GlobalSection(ProjectConfigurationPlatforms) = postSolution
		{838CF6E3-0038-4491-B9F6-1474F84F159E}.SAM4S16C|VisualGDB.ActiveCfg = SAM4S16C|VisualGDB
		{838CF6E3-0038-4491-B9F6-1474F84F159E}.SAM4S16C|VisualGDB.Build.0 = SAM4S16C|VisualGDB
	EndGlobalSection
	GlobalSection(SolutionProperties) = preSolution
		HideSolutionNode = FALSE
	EndGlobalSection
	GlobalSection(ExtensibilityGlobals) = postSolution
		SolutionGuid = {A0974BD2-3D90-4CD7-A128-C7D1BF9809E4}
	EndGlobalSection
EndGlobal
