<?xml version="1.0" encoding="utf-8"?>
<Project ToolsVersion="4.0" xmlns="http://schemas.microsoft.com/developer/msbuild/2003">
  <ItemGroup>
    <Filter Include="Source files">
      <UniqueIdentifier>{91310c68-e573-4544-99cb-3d1637f2197d}</UniqueIdentifier>
      <Extensions>cpp;c;cc;cxx;def;odl;idl;hpj;bat;asm;asmx</Extensions>
    </Filter>
    <Filter Include="Resource files">
      <UniqueIdentifier>{f70d1efc-92c4-421d-a6a7-663cd0580f8d}</UniqueIdentifier>
      <Extensions>rc;ico;cur;bmp;dlg;rc2;rct;bin;rgs;gif;jpg;jpeg;jpe;resx;tiff;tif;png;wav</Extensions>
    </Filter>
    <Filter Include="VisualGDB settings">
      <UniqueIdentifier>{09d95a0f-a762-48ab-85a5-3b271c6ae80f}</UniqueIdentifier>
    </Filter>
    <Filter Include="Resource files\fonts">
      <UniqueIdentifier>{bac11e08-2c82-43a5-ae34-a7228efdcdfd}</UniqueIdentifier>
    </Filter>
    <Filter Include="Resource files\bitmaps">
      <UniqueIdentifier>{dfc49cae-0971-4435-adc4-9ed5598f5cb7}</UniqueIdentifier>
    </Filter>
    <Filter Include="Resource files\translations">
      <UniqueIdentifier>{c35246b1-af4b-4462-beb4-1fe4a58aa98d}</UniqueIdentifier>
    </Filter>
    <Filter Include="Source files\gui">
      <UniqueIdentifier>{28adc073-5060-4aec-9c6b-de4e1d818ca6}</UniqueIdentifier>
    </Filter>
    <Filter Include="Source files\gui\128x64">
      <UniqueIdentifier>{44342c20-0e24-4a15-bad3-d200228d6474}</UniqueIdentifier>
    </Filter>
    <Filter Include="Source files\gui\common">
      <UniqueIdentifier>{cd4c2af4-cedb-4f6a-b780-c1d173d3dcef}</UniqueIdentifier>
    </Filter>
    <Filter Include="Source files\gui\common\stdlcd">
      <UniqueIdentifier>{031dad9f-6ea8-41d2-aabc-e51b6166a27e}</UniqueIdentifier>
    </Filter>
    <Filter Include="Source files\gui\navigation">
      <UniqueIdentifier>{240b1898-fb2f-400b-a7f7-d79fa17ac9f0}</UniqueIdentifier>
    </Filter>
    <Filter Include="Source files\io">
      <UniqueIdentifier>{fbffa869-baaf-4018-8db6-bd10280d9ed4}</UniqueIdentifier>
    </Filter>
    <Filter Include="Source files\lua">
      <UniqueIdentifier>{4cb0b5a6-01fe-4c3c-a0cb-e4bfe0622bf1}</UniqueIdentifier>
    </Filter>
    <Filter Include="Source files\pulses">
      <UniqueIdentifier>{7dbeb23c-3774-439f-bda5-25618c5d5a90}</UniqueIdentifier>
    </Filter>
    <Filter Include="Source files\storage">
      <UniqueIdentifier>{5c5197cf-97cd-4cef-9ab9-c45378f9524e}</UniqueIdentifier>
    </Filter>
    <Filter Include="Source files\storage\conversion">
      <UniqueIdentifier>{7919d4c0-e124-4057-a2d7-78d8ef83dd31}</UniqueIdentifier>
    </Filter>
    <Filter Include="Source files\targets">
      <UniqueIdentifier>{e7d05815-adb0-4b25-afba-64b680f4a953}</UniqueIdentifier>
    </Filter>
    <Filter Include="Source files\targets\common">
      <UniqueIdentifier>{4eaaa8ef-4187-4f3d-9318-81dbfa3c4493}</UniqueIdentifier>
    </Filter>
    <Filter Include="Source files\targets\common\arm">
      <UniqueIdentifier>{c6bf7e29-af98-4c25-84e3-1596faabdd2f}</UniqueIdentifier>
    </Filter>
    <Filter Include="Source files\targets\sky9x">
      <UniqueIdentifier>{82b0e6b8-ebe6-4f48-aa42-ddf42deca6c5}</UniqueIdentifier>
    </Filter>
    <Filter Include="Source files\targets\sky9x\usb">
      <UniqueIdentifier>{64aa6b90-0918-4040-80f4-9438cc9affa1}</UniqueIdentifier>
    </Filter>
    <Filter Include="Source files\telemetry">
      <UniqueIdentifier>{1f52320a-e0dd-44db-bdb4-f34813432ffd}</UniqueIdentifier>
    </Filter>
    <Filter Include="Source files\thirdparty">
      <UniqueIdentifier>{ec80b132-b88d-4234-906b-dcb800ac471d}</UniqueIdentifier>
    </Filter>
    <Filter Include="Source files\thirdparty\CoOS">
      <UniqueIdentifier>{49ec0042-6c6c-4985-b86f-97b2b915add6}</UniqueIdentifier>
    </Filter>
    <Filter Include="Source files\thirdparty\CoOS\kernel">
      <UniqueIdentifier>{6321c3e3-e100-465d-8e26-c85f95b0beb0}</UniqueIdentifier>
    </Filter>
    <Filter Include="Source files\thirdparty\CoOS\portable">
      <UniqueIdentifier>{83b33a96-1b56-4ebc-8e6d-9470a4ad0b30}</UniqueIdentifier>
    </Filter>
    <Filter Include="Source files\thirdparty\CoOS\portable\GCC">
      <UniqueIdentifier>{a40050c0-75c5-4901-9888-bbb5b3be6c93}</UniqueIdentifier>
    </Filter>
    <Filter Include="Source files\thirdparty\FatFs">
      <UniqueIdentifier>{a992eebe-69b8-4bc9-a193-949372f64499}</UniqueIdentifier>
    </Filter>
    <Filter Include="Source files\thirdparty\FatFs\option">
      <UniqueIdentifier>{6ae66507-b98c-4920-8b50-e41c0d3c8ab7}</UniqueIdentifier>
    </Filter>
    <Filter Include="Source files\thirdparty\lua">
      <UniqueIdentifier>{879e23ea-896e-4736-96ae-4715e40f293b}</UniqueIdentifier>
    </Filter>
    <Filter Include="Source files\thirdparty\libopenui">
      <UniqueIdentifier>{42d7acb2-2bfe-4183-90af-e64791c757e4}</UniqueIdentifier>
    </Filter>
    <Filter Include="Source files\targets\sky9x\usb\class">
      <UniqueIdentifier>{13fe09b5-d608-4ca7-8c3c-5aed3b7d126a}</UniqueIdentifier>
    </Filter>
    <Filter Include="Source files\targets\sky9x\usb\udc">
      <UniqueIdentifier>{224b8814-cba7-4b81-b06c-1ef591b88abe}</UniqueIdentifier>
    </Filter>
    <Filter Include="Source files\targets\sky9x\usb\class\hid">
      <UniqueIdentifier>{a8aebb4d-4a19-428d-895e-8067e9df1b62}</UniqueIdentifier>
    </Filter>
    <Filter Include="Source files\targets\sky9x\usb\class\hid\device">
      <UniqueIdentifier>{e6e4b255-d0fc-4778-aa6e-3413985e6965}</UniqueIdentifier>
    </Filter>
    <Filter Include="Source files\targets\sky9x\usb\class\hid\device\joystick">
      <UniqueIdentifier>{158b0eb0-3c9b-4be8-a3f5-7d0ab295beba}</UniqueIdentifier>
    </Filter>
    <Filter Include="Source files\targets\sky9x\usb\udp">
      <UniqueIdentifier>{77e4ba6b-d419-4cd4-a30c-51d389d2da88}</UniqueIdentifier>
    </Filter>
  </ItemGroup>
  <ItemGroup>
    <ClCompile Include="src\targets\common\arm\loadboot.cpp">
      <Filter>Source files\targets\common\arm</Filter>
    </ClCompile>
    <ClCompile Include="src\thirdparty\CoOS\kernel\core.c">
      <Filter>Source files\thirdparty\CoOS\kernel</Filter>
    </ClCompile>
    <ClCompile Include="src\thirdparty\CoOS\kernel\event.c">
      <Filter>Source files\thirdparty\CoOS\kernel</Filter>
    </ClCompile>
    <ClCompile Include="src\thirdparty\CoOS\kernel\flag.c">
      <Filter>Source files\thirdparty\CoOS\kernel</Filter>
    </ClCompile>
    <ClCompile Include="src\thirdparty\CoOS\kernel\hook.c">
      <Filter>Source files\thirdparty\CoOS\kernel</Filter>
    </ClCompile>
    <ClCompile Include="src\thirdparty\CoOS\kernel\mutex.c">
      <Filter>Source files\thirdparty\CoOS\kernel</Filter>
    </ClCompile>
    <ClCompile Include="src\thirdparty\CoOS\kernel\serviceReq.c">
      <Filter>Source files\thirdparty\CoOS\kernel</Filter>
    </ClCompile>
    <ClCompile Include="src\thirdparty\CoOS\kernel\task.c">
      <Filter>Source files\thirdparty\CoOS\kernel</Filter>
    </ClCompile>
    <ClCompile Include="src\thirdparty\CoOS\kernel\time.c">
      <Filter>Source files\thirdparty\CoOS\kernel</Filter>
    </ClCompile>
    <ClCompile Include="src\thirdparty\CoOS\kernel\timer.c">
      <Filter>Source files\thirdparty\CoOS\kernel</Filter>
    </ClCompile>
    <ClCompile Include="src\thirdparty\CoOS\portable\arch.c">
      <Filter>Source files\thirdparty\CoOS\portable</Filter>
    </ClCompile>
    <ClCompile Include="src\thirdparty\CoOS\portable\GCC\port.c">
      <Filter>Source files\thirdparty\CoOS\portable\GCC</Filter>
    </ClCompile>
    <ClCompile Include="src\thirdparty\FatFs\fattime.c">
      <Filter>Source files\thirdparty\FatFs</Filter>
    </ClCompile>
    <ClCompile Include="src\thirdparty\FatFs\ff.c">
      <Filter>Source files\thirdparty\FatFs</Filter>
    </ClCompile>
    <ClCompile Include="src\thirdparty\FatFs\option\ccsbcs.c">
      <Filter>Source files\thirdparty\FatFs\option</Filter>
    </ClCompile>
    <ClCompile Include="src\thirdparty\Lua\src\lapi.c">
      <Filter>Source files\thirdparty\lua</Filter>
    </ClCompile>
    <ClCompile Include="src\thirdparty\Lua\src\lbaselib.c">
      <Filter>Source files\thirdparty\lua</Filter>
    </ClCompile>
    <ClCompile Include="src\thirdparty\Lua\src\lbitlib.c">
      <Filter>Source files\thirdparty\lua</Filter>
    </ClCompile>
    <ClCompile Include="src\thirdparty\Lua\src\lcode.c">
      <Filter>Source files\thirdparty\lua</Filter>
    </ClCompile>
    <ClCompile Include="src\thirdparty\Lua\src\lcorolib.c">
      <Filter>Source files\thirdparty\lua</Filter>
    </ClCompile>
    <ClCompile Include="src\thirdparty\Lua\src\lctype.c">
      <Filter>Source files\thirdparty\lua</Filter>
    </ClCompile>
    <ClCompile Include="src\thirdparty\Lua\src\ldo.c">
      <Filter>Source files\thirdparty\lua</Filter>
    </ClCompile>
    <ClCompile Include="src\thirdparty\Lua\src\lfunc.c">
      <Filter>Source files\thirdparty\lua</Filter>
    </ClCompile>
    <ClCompile Include="src\thirdparty\Lua\src\lgc.c">
      <Filter>Source files\thirdparty\lua</Filter>
    </ClCompile>
    <ClCompile Include="src\thirdparty\Lua\src\linit.c">
      <Filter>Source files\thirdparty\lua</Filter>
    </ClCompile>
    <ClCompile Include="src\thirdparty\Lua\src\liolib.c">
      <Filter>Source files\thirdparty\lua</Filter>
    </ClCompile>
    <ClCompile Include="src\thirdparty\Lua\src\llex.c">
      <Filter>Source files\thirdparty\lua</Filter>
    </ClCompile>
    <ClCompile Include="src\thirdparty\Lua\src\lmathlib.c">
      <Filter>Source files\thirdparty\lua</Filter>
    </ClCompile>
    <ClCompile Include="src\thirdparty\Lua\src\lmem.c">
      <Filter>Source files\thirdparty\lua</Filter>
    </ClCompile>
    <ClCompile Include="src\thirdparty\Lua\src\loadlib.c">
      <Filter>Source files\thirdparty\lua</Filter>
    </ClCompile>
    <ClCompile Include="src\thirdparty\Lua\src\lobject.c">
      <Filter>Source files\thirdparty\lua</Filter>
    </ClCompile>
    <ClCompile Include="src\thirdparty\Lua\src\lopcodes.c">
      <Filter>Source files\thirdparty\lua</Filter>
    </ClCompile>
    <ClCompile Include="src\thirdparty\Lua\src\lparser.c">
      <Filter>Source files\thirdparty\lua</Filter>
    </ClCompile>
    <ClCompile Include="src\thirdparty\Lua\src\lrotable.c">
      <Filter>Source files\thirdparty\lua</Filter>
    </ClCompile>
    <ClCompile Include="src\thirdparty\Lua\src\lstate.c">
      <Filter>Source files\thirdparty\lua</Filter>
    </ClCompile>
    <ClCompile Include="src\thirdparty\Lua\src\lstring.c">
      <Filter>Source files\thirdparty\lua</Filter>
    </ClCompile>
    <ClCompile Include="src\thirdparty\Lua\src\lstrlib.c">
      <Filter>Source files\thirdparty\lua</Filter>
    </ClCompile>
    <ClCompile Include="src\thirdparty\Lua\src\ltable.c">
      <Filter>Source files\thirdparty\lua</Filter>
    </ClCompile>
    <ClCompile Include="src\thirdparty\Lua\src\ltm.c">
      <Filter>Source files\thirdparty\lua</Filter>
    </ClCompile>
    <ClCompile Include="src\thirdparty\Lua\src\lvm.c">
      <Filter>Source files\thirdparty\lua</Filter>
    </ClCompile>
    <ClCompile Include="src\thirdparty\Lua\src\lzio.c">
      <Filter>Source files\thirdparty\lua</Filter>
    </ClCompile>
    <ClCompile Include="src\thirdparty\Lua\src\lauxlib.c">
      <Filter>Source files\thirdparty\lua</Filter>
    </ClCompile>
    <ClCompile Include="src\thirdparty\Lua\src\ldebug.c">
      <Filter>Source files\thirdparty\lua</Filter>
    </ClCompile>
    <ClCompile Include="src\thirdparty\Lua\src\lundump.c">
      <Filter>Source files\thirdparty\lua</Filter>
    </ClCompile>
    <ClCompile Include="src\thirdparty\Lua\src\ldump.c">
      <Filter>Source files\thirdparty\lua</Filter>
    </ClCompile>
    <ClCompile Include="src\gui\gui_common.cpp">
      <Filter>Source files\gui</Filter>
    </ClCompile>
    <ClCompile Include="src\gui\screenshot.cpp">
      <Filter>Source files\gui</Filter>
    </ClCompile>
    <ClCompile Include="src\gui\128x64\bmp.cpp">
      <Filter>Source files\gui\128x64</Filter>
    </ClCompile>
    <ClCompile Include="src\gui\128x64\fonts.cpp">
      <Filter>Source files\gui\128x64</Filter>
    </ClCompile>
    <ClCompile Include="src\gui\128x64\lcd.cpp">
      <Filter>Source files\gui\128x64</Filter>
    </ClCompile>
    <ClCompile Include="src\gui\128x64\menu_model.cpp">
      <Filter>Source files\gui\128x64</Filter>
    </ClCompile>
    <ClCompile Include="src\gui\128x64\menu_radio.cpp">
      <Filter>Source files\gui\128x64</Filter>
    </ClCompile>
    <ClCompile Include="src\gui\128x64\model_curve_edit.cpp">
      <Filter>Source files\gui\128x64</Filter>
    </ClCompile>
    <ClCompile Include="src\gui\128x64\model_custom_scripts.cpp">
      <Filter>Source files\gui\128x64</Filter>
    </ClCompile>
    <ClCompile Include="src\gui\128x64\model_display.cpp">
      <Filter>Source files\gui\128x64</Filter>
    </ClCompile>
    <ClCompile Include="src\gui\128x64\model_failsafe.cpp">
      <Filter>Source files\gui\128x64</Filter>
    </ClCompile>
    <ClCompile Include="src\gui\128x64\model_flightmodes.cpp">
      <Filter>Source files\gui\128x64</Filter>
    </ClCompile>
    <ClCompile Include="src\gui\128x64\model_gvars.cpp">
      <Filter>Source files\gui\128x64</Filter>
    </ClCompile>
    <ClCompile Include="src\gui\128x64\model_input_edit.cpp">
      <Filter>Source files\gui\128x64</Filter>
    </ClCompile>
    <ClCompile Include="src\gui\128x64\model_logical_switches.cpp">
      <Filter>Source files\gui\128x64</Filter>
    </ClCompile>
    <ClCompile Include="src\gui\128x64\model_mix_edit.cpp">
      <Filter>Source files\gui\128x64</Filter>
    </ClCompile>
    <ClCompile Include="src\gui\128x64\model_outputs.cpp">
      <Filter>Source files\gui\128x64</Filter>
    </ClCompile>
    <ClCompile Include="src\gui\128x64\model_select.cpp">
      <Filter>Source files\gui\128x64</Filter>
    </ClCompile>
    <ClCompile Include="src\gui\128x64\model_setup.cpp">
      <Filter>Source files\gui\128x64</Filter>
    </ClCompile>
    <ClCompile Include="src\gui\128x64\model_special_functions.cpp">
      <Filter>Source files\gui\128x64</Filter>
    </ClCompile>
    <ClCompile Include="src\gui\128x64\model_telemetry.cpp">
      <Filter>Source files\gui\128x64</Filter>
    </ClCompile>
    <ClCompile Include="src\gui\128x64\model_telemetry_sensor.cpp">
      <Filter>Source files\gui\128x64</Filter>
    </ClCompile>
    <ClCompile Include="src\gui\128x64\model_templates.cpp">
      <Filter>Source files\gui\128x64</Filter>
    </ClCompile>
    <ClCompile Include="src\gui\128x64\popups.cpp">
      <Filter>Source files\gui\128x64</Filter>
    </ClCompile>
    <ClCompile Include="src\gui\128x64\radio_calibration.cpp">
      <Filter>Source files\gui\128x64</Filter>
    </ClCompile>
    <ClCompile Include="src\gui\128x64\radio_diaganas.cpp">
      <Filter>Source files\gui\128x64</Filter>
    </ClCompile>
    <ClCompile Include="src\gui\128x64\radio_diagkeys.cpp">
      <Filter>Source files\gui\128x64</Filter>
    </ClCompile>
    <ClCompile Include="src\gui\128x64\radio_setup.cpp">
      <Filter>Source files\gui\128x64</Filter>
    </ClCompile>
    <ClCompile Include="src\gui\128x64\splash.cpp">
      <Filter>Source files\gui\128x64</Filter>
    </ClCompile>
    <ClCompile Include="src\gui\128x64\startup_shutdown.cpp">
      <Filter>Source files\gui\128x64</Filter>
    </ClCompile>
    <ClCompile Include="src\gui\128x64\view_about.cpp">
      <Filter>Source files\gui\128x64</Filter>
    </ClCompile>
    <ClCompile Include="src\gui\128x64\view_channels.cpp">
      <Filter>Source files\gui\128x64</Filter>
    </ClCompile>
    <ClCompile Include="src\gui\128x64\view_main.cpp">
      <Filter>Source files\gui\128x64</Filter>
    </ClCompile>
    <ClCompile Include="src\gui\128x64\view_statistics.cpp">
      <Filter>Source files\gui\128x64</Filter>
    </ClCompile>
    <ClCompile Include="src\gui\128x64\view_telemetry.cpp">
      <Filter>Source files\gui\128x64</Filter>
    </ClCompile>
    <ClCompile Include="src\gui\128x64\widgets.cpp">
      <Filter>Source files\gui\128x64</Filter>
    </ClCompile>
    <ClCompile Include="src\gui\common\stdlcd\draw_functions.cpp">
      <Filter>Source files\gui\common\stdlcd</Filter>
    </ClCompile>
    <ClCompile Include="src\gui\common\stdlcd\menus.cpp">
      <Filter>Source files\gui\common\stdlcd</Filter>
    </ClCompile>
    <ClCompile Include="src\gui\common\stdlcd\model_curves.cpp">
      <Filter>Source files\gui\common\stdlcd</Filter>
    </ClCompile>
    <ClCompile Include="src\gui\common\stdlcd\model_heli.cpp">
      <Filter>Source files\gui\common\stdlcd</Filter>
    </ClCompile>
    <ClCompile Include="src\gui\common\stdlcd\model_inputs.cpp">
      <Filter>Source files\gui\common\stdlcd</Filter>
    </ClCompile>
    <ClCompile Include="src\gui\common\stdlcd\model_mixes.cpp">
      <Filter>Source files\gui\common\stdlcd</Filter>
    </ClCompile>
    <ClCompile Include="src\gui\common\stdlcd\model_module_options.cpp">
      <Filter>Source files\gui\common\stdlcd</Filter>
    </ClCompile>
    <ClCompile Include="src\gui\common\stdlcd\model_notes.cpp">
      <Filter>Source files\gui\common\stdlcd</Filter>
    </ClCompile>
    <ClCompile Include="src\gui\common\stdlcd\model_receiver_options.cpp">
      <Filter>Source files\gui\common\stdlcd</Filter>
    </ClCompile>
    <ClCompile Include="src\gui\common\stdlcd\model_setup_pxx1.cpp">
      <Filter>Source files\gui\common\stdlcd</Filter>
    </ClCompile>
    <ClCompile Include="src\gui\common\stdlcd\model_setup_pxx2.cpp">
      <Filter>Source files\gui\common\stdlcd</Filter>
    </ClCompile>
    <ClCompile Include="src\gui\common\stdlcd\popups.cpp">
      <Filter>Source files\gui\common\stdlcd</Filter>
    </ClCompile>
    <ClCompile Include="src\gui\common\stdlcd\radio_hardware.cpp">
      <Filter>Source files\gui\common\stdlcd</Filter>
    </ClCompile>
    <ClCompile Include="src\gui\common\stdlcd\radio_power_meter.cpp">
      <Filter>Source files\gui\common\stdlcd</Filter>
    </ClCompile>
    <ClCompile Include="src\gui\common\stdlcd\radio_sdmanager.cpp">
      <Filter>Source files\gui\common\stdlcd</Filter>
    </ClCompile>
    <ClCompile Include="src\gui\common\stdlcd\radio_spectrum_analyser.cpp">
      <Filter>Source files\gui\common\stdlcd</Filter>
    </ClCompile>
    <ClCompile Include="src\gui\common\stdlcd\radio_tools.cpp">
      <Filter>Source files\gui\common\stdlcd</Filter>
    </ClCompile>
    <ClCompile Include="src\gui\common\stdlcd\radio_trainer.cpp">
      <Filter>Source files\gui\common\stdlcd</Filter>
    </ClCompile>
    <ClCompile Include="src\gui\common\stdlcd\radio_version.cpp">
      <Filter>Source files\gui\common\stdlcd</Filter>
    </ClCompile>
    <ClCompile Include="src\gui\common\stdlcd\view_text.cpp">
      <Filter>Source files\gui\common\stdlcd</Filter>
    </ClCompile>
    <ClCompile Include="src\gui\navigation\common.cpp">
      <Filter>Source files\gui\navigation</Filter>
    </ClCompile>
    <ClCompile Include="src\gui\navigation\navigation_9x.cpp">
      <Filter>Source files\gui\navigation</Filter>
    </ClCompile>
    <ClCompile Include="src\io\bootloader_flash.cpp">
      <Filter>Source files\io</Filter>
    </ClCompile>
    <ClCompile Include="src\io\frsky_firmware_update.cpp">
      <Filter>Source files\io</Filter>
    </ClCompile>
    <ClCompile Include="src\io\multi_firmware_update.cpp">
      <Filter>Source files\io</Filter>
    </ClCompile>
    <ClCompile Include="src\lua\api_general.cpp">
      <Filter>Source files\lua</Filter>
    </ClCompile>
    <ClCompile Include="src\lua\api_lcd.cpp">
      <Filter>Source files\lua</Filter>
    </ClCompile>
    <ClCompile Include="src\lua\api_model.cpp">
      <Filter>Source files\lua</Filter>
    </ClCompile>
    <ClCompile Include="src\lua\interface.cpp">
      <Filter>Source files\lua</Filter>
    </ClCompile>
    <ClCompile Include="src\pulses\crossfire.cpp">
      <Filter>Source files\pulses</Filter>
    </ClCompile>
    <ClCompile Include="src\pulses\dsm2.cpp">
      <Filter>Source files\pulses</Filter>
    </ClCompile>
    <ClCompile Include="src\pulses\modules_helpers.cpp">
      <Filter>Source files\pulses</Filter>
    </ClCompile>
    <ClCompile Include="src\pulses\multi.cpp">
      <Filter>Source files\pulses</Filter>
    </ClCompile>
    <ClCompile Include="src\pulses\ppm.cpp">
      <Filter>Source files\pulses</Filter>
    </ClCompile>
    <ClCompile Include="src\pulses\pulses.cpp">
      <Filter>Source files\pulses</Filter>
    </ClCompile>
    <ClCompile Include="src\pulses\pxx1.cpp">
      <Filter>Source files\pulses</Filter>
    </ClCompile>
    <ClCompile Include="src\pulses\pxx2.cpp">
      <Filter>Source files\pulses</Filter>
    </ClCompile>
    <ClCompile Include="src\pulses\sbus.cpp">
      <Filter>Source files\pulses</Filter>
    </ClCompile>
    <ClCompile Include="src\storage\eeprom_common.cpp">
      <Filter>Source files\storage</Filter>
    </ClCompile>
    <ClCompile Include="src\storage\eeprom_raw.cpp">
      <Filter>Source files\storage</Filter>
    </ClCompile>
    <ClCompile Include="src\storage\eeprom_rlc.cpp">
      <Filter>Source files\storage</Filter>
    </ClCompile>
    <ClCompile Include="src\storage\modelslist.cpp">
      <Filter>Source files\storage</Filter>
    </ClCompile>
    <ClCompile Include="src\storage\rlc.cpp">
      <Filter>Source files\storage</Filter>
    </ClCompile>
    <ClCompile Include="src\storage\rtc_backup.cpp">
      <Filter>Source files\storage</Filter>
    </ClCompile>
    <ClCompile Include="src\storage\sdcard_raw.cpp">
      <Filter>Source files\storage</Filter>
    </ClCompile>
    <ClCompile Include="src\storage\storage_common.cpp">
      <Filter>Source files\storage</Filter>
    </ClCompile>
    <ClCompile Include="src\storage\conversions\conversions.cpp">
      <Filter>Source files\storage\conversion</Filter>
    </ClCompile>
    <ClCompile Include="src\storage\conversions\conversions_216_218.cpp">
      <Filter>Source files\storage\conversion</Filter>
    </ClCompile>
    <ClCompile Include="src\storage\conversions\conversions_218_219.cpp">
      <Filter>Source files\storage\conversion</Filter>
    </ClCompile>
    <ClCompile Include="src\targets\sky9x\adc_driver.cpp">
      <Filter>Source files\targets\sky9x</Filter>
    </ClCompile>
    <ClCompile Include="src\targets\sky9x\audio_driver.cpp">
      <Filter>Source files\targets\sky9x</Filter>
    </ClCompile>
    <ClCompile Include="src\targets\sky9x\aux_serial_driver.cpp">
      <Filter>Source files\targets\sky9x</Filter>
    </ClCompile>
    <ClCompile Include="src\targets\sky9x\bluetooth.cpp">
      <Filter>Source files\targets\sky9x</Filter>
    </ClCompile>
    <ClCompile Include="src\targets\sky9x\board.cpp">
      <Filter>Source files\targets\sky9x</Filter>
    </ClCompile>
    <ClCompile Include="src\targets\sky9x\board_lowlevel.c">
      <Filter>Source files\targets\sky9x</Filter>
    </ClCompile>
    <ClCompile Include="src\targets\sky9x\buzzer_driver.cpp">
      <Filter>Source files\targets\sky9x</Filter>
    </ClCompile>
    <ClCompile Include="src\targets\sky9x\coproc_driver.cpp">
      <Filter>Source files\targets\sky9x</Filter>
    </ClCompile>
    <ClCompile Include="src\targets\sky9x\diskio.cpp">
      <Filter>Source files\targets\sky9x</Filter>
    </ClCompile>
    <ClCompile Include="src\targets\sky9x\eeprom_driver.cpp">
      <Filter>Source files\targets\sky9x</Filter>
    </ClCompile>
    <ClCompile Include="src\targets\sky9x\flash_driver.cpp">
      <Filter>Source files\targets\sky9x</Filter>
    </ClCompile>
    <ClCompile Include="src\targets\sky9x\haptic_driver.cpp">
      <Filter>Source files\targets\sky9x</Filter>
    </ClCompile>
    <ClCompile Include="src\targets\sky9x\i2c_driver.cpp">
      <Filter>Source files\targets\sky9x</Filter>
    </ClCompile>
    <ClCompile Include="src\targets\sky9x\keys_driver.cpp">
      <Filter>Source files\targets\sky9x</Filter>
    </ClCompile>
    <ClCompile Include="src\targets\sky9x\lcd_driver.cpp">
      <Filter>Source files\targets\sky9x</Filter>
    </ClCompile>
    <ClCompile Include="src\targets\sky9x\MEDSdcard.c">
      <Filter>Source files\targets\sky9x</Filter>
    </ClCompile>
    <ClCompile Include="src\targets\sky9x\pulses_driver.cpp">
      <Filter>Source files\targets\sky9x</Filter>
    </ClCompile>
    <ClCompile Include="src\targets\sky9x\pwr_driver.cpp">
      <Filter>Source files\targets\sky9x</Filter>
    </ClCompile>
    <ClCompile Include="src\targets\sky9x\rotary_encoder_driver.cpp">
      <Filter>Source files\targets\sky9x</Filter>
    </ClCompile>
    <ClCompile Include="src\targets\sky9x\rtc_driver.cpp">
      <Filter>Source files\targets\sky9x</Filter>
    </ClCompile>
    <ClCompile Include="src\targets\sky9x\rtc_ds3231_driver.cpp">
      <Filter>Source files\targets\sky9x</Filter>
    </ClCompile>
    <ClCompile Include="src\targets\sky9x\sdcard_driver.cpp">
      <Filter>Source files\targets\sky9x</Filter>
    </ClCompile>
    <ClCompile Include="src\targets\sky9x\telemetry_driver.cpp">
      <Filter>Source files\targets\sky9x</Filter>
    </ClCompile>
    <ClCompile Include="src\targets\sky9x\trainer_driver.cpp">
      <Filter>Source files\targets\sky9x</Filter>
    </ClCompile>
    <ClCompile Include="src\telemetry\crossfire.cpp">
      <Filter>Source files\telemetry</Filter>
    </ClCompile>
    <ClCompile Include="src\telemetry\flysky_ibus.cpp">
      <Filter>Source files\telemetry</Filter>
    </ClCompile>
    <ClCompile Include="src\telemetry\frsky.cpp">
      <Filter>Source files\telemetry</Filter>
    </ClCompile>
    <ClCompile Include="src\telemetry\frsky_d.cpp">
      <Filter>Source files\telemetry</Filter>
    </ClCompile>
    <ClCompile Include="src\telemetry\frsky_pxx2.cpp">
      <Filter>Source files\telemetry</Filter>
    </ClCompile>
    <ClCompile Include="src\telemetry\frsky_sport.cpp">
      <Filter>Source files\telemetry</Filter>
    </ClCompile>
    <ClCompile Include="src\telemetry\hitec.cpp">
      <Filter>Source files\telemetry</Filter>
    </ClCompile>
    <ClCompile Include="src\telemetry\hott.cpp">
      <Filter>Source files\telemetry</Filter>
    </ClCompile>
    <ClCompile Include="src\telemetry\multi.cpp">
      <Filter>Source files\telemetry</Filter>
    </ClCompile>
    <ClCompile Include="src\telemetry\spektrum.cpp">
      <Filter>Source files\telemetry</Filter>
    </ClCompile>
    <ClCompile Include="src\telemetry\telemetry.cpp">
      <Filter>Source files\telemetry</Filter>
    </ClCompile>
    <ClCompile Include="src\telemetry\telemetry_sensors.cpp">
      <Filter>Source files\telemetry</Filter>
    </ClCompile>
    <ClCompile Include="src\audio.cpp">
      <Filter>Source files</Filter>
    </ClCompile>
    <ClCompile Include="src\bin_allocator.cpp">
      <Filter>Source files</Filter>
    </ClCompile>
    <ClCompile Include="src\bluetooth.cpp">
      <Filter>Source files</Filter>
    </ClCompile>
    <ClCompile Include="src\buzzer.cpp">
      <Filter>Source files</Filter>
    </ClCompile>
    <ClCompile Include="src\cli.cpp">
      <Filter>Source files</Filter>
    </ClCompile>
    <ClCompile Include="src\crc.cpp">
      <Filter>Source files</Filter>
    </ClCompile>
    <ClCompile Include="src\curves.cpp">
      <Filter>Source files</Filter>
    </ClCompile>
    <ClCompile Include="src\debug.cpp">
      <Filter>Source files</Filter>
    </ClCompile>
    <ClCompile Include="src\disk_cache.cpp">
      <Filter>Source files</Filter>
    </ClCompile>
    <ClCompile Include="src\dump.cpp">
      <Filter>Source files</Filter>
    </ClCompile>
    <ClCompile Include="src\functions.cpp">
      <Filter>Source files</Filter>
    </ClCompile>
    <ClCompile Include="src\gps.cpp">
      <Filter>Source files</Filter>
    </ClCompile>
    <ClCompile Include="src\gvars.cpp">
      <Filter>Source files</Filter>
    </ClCompile>
    <ClCompile Include="src\gyro.cpp">
      <Filter>Source files</Filter>
    </ClCompile>
    <ClCompile Include="src\haptic.cpp">
      <Filter>Source files</Filter>
    </ClCompile>
    <ClCompile Include="src\keys.cpp">
      <Filter>Source files</Filter>
    </ClCompile>
    <ClCompile Include="src\logs.cpp">
      <Filter>Source files</Filter>
    </ClCompile>
    <ClCompile Include="src\main.cpp">
      <Filter>Source files</Filter>
    </ClCompile>
    <ClCompile Include="src\maths.cpp">
      <Filter>Source files</Filter>
    </ClCompile>
    <ClCompile Include="src\mixer.cpp">
      <Filter>Source files</Filter>
    </ClCompile>
    <ClCompile Include="src\opentx.cpp">
      <Filter>Source files</Filter>
    </ClCompile>
    <ClCompile Include="src\rtc.cpp">
      <Filter>Source files</Filter>
    </ClCompile>
    <ClCompile Include="src\sbus.cpp">
      <Filter>Source files</Filter>
    </ClCompile>
    <ClCompile Include="src\sdcard.cpp">
      <Filter>Source files</Filter>
    </ClCompile>
    <ClCompile Include="src\serial.cpp">
      <Filter>Source files</Filter>
    </ClCompile>
    <ClCompile Include="src\simu.cpp">
      <Filter>Source files</Filter>
    </ClCompile>
    <ClCompile Include="src\stamp.cpp">
      <Filter>Source files</Filter>
    </ClCompile>
    <ClCompile Include="src\strhelpers.cpp">
      <Filter>Source files</Filter>
    </ClCompile>
    <ClCompile Include="src\switches.cpp">
      <Filter>Source files</Filter>
    </ClCompile>
    <ClCompile Include="src\tasks.cpp">
      <Filter>Source files</Filter>
    </ClCompile>
    <ClCompile Include="src\timers.cpp">
      <Filter>Source files</Filter>
    </ClCompile>
    <ClCompile Include="src\trainer.cpp">
      <Filter>Source files</Filter>
    </ClCompile>
    <ClCompile Include="src\translations.cpp">
      <Filter>Source files</Filter>
    </ClCompile>
    <ClCompile Include="data\translations\tts_en.cpp">
      <Filter>Source files</Filter>
    </ClCompile>
    <ClCompile Include="src\vario.cpp">
      <Filter>Source files</Filter>
    </ClCompile>
    <ClCompile Include="src\targets\sky9x\usb_driver.cpp">
      <Filter>Source files\targets\sky9x</Filter>
    </ClCompile>
    <ClCompile Include="src\targets\sky9x\startup_sam4s.c">
      <Filter>Source files\targets\sky9x</Filter>
    </ClCompile>
    <ClCompile Include="src\targets\sky9x\syscalls.c">
      <Filter>Source files\targets\sky9x</Filter>
    </ClCompile>
    <ClCompile Include="src\targets\sky9x\system_sam4s.c">
      <Filter>Source files\targets\sky9x</Filter>
    </ClCompile>
    <ClCompile Include="src\targets\sky9x\usb\udc\udc.c">
      <Filter>Source files\targets\sky9x\usb\udc</Filter>
    </ClCompile>
    <ClCompile Include="src\targets\sky9x\usb\class\hid\device\udi_hid.c">
      <Filter>Source files\targets\sky9x\usb\class\hid\device</Filter>
    </ClCompile>
    <ClCompile Include="src\targets\sky9x\usb\class\hid\device\joystick\udi_hid_joystick.c">
      <Filter>Source files\targets\sky9x\usb\class\hid\device\joystick</Filter>
    </ClCompile>
    <ClCompile Include="src\targets\sky9x\usb\class\hid\device\joystick\udi_hid_joystick_desc.c">
      <Filter>Source files\targets\sky9x\usb\class\hid\device\joystick</Filter>
    </ClCompile>
    <ClCompile Include="src\targets\sky9x\usb\udp\udp_device.c">
      <Filter>Source files\targets\sky9x\usb\udp</Filter>
    </ClCompile>
  </ItemGroup>
  <ItemGroup>
    <None Include="data\fonts\sqt5\font_03x05.lbm">
      <Filter>Resource files\fonts</Filter>
    </None>
    <None Include="data\fonts\sqt5\font_04x06.lbm">
      <Filter>Resource files\fonts</Filter>
    </None>
    <None Include="data\fonts\sqt5\font_04x06_extra.lbm">
      <Filter>Resource files\fonts</Filter>
    </None>
    <None Include="data\fonts\sqt5\font_05x07.lbm">
      <Filter>Resource files\fonts</Filter>
    </None>
    <None Include="data\fonts\sqt5\font_05x07_B_compressed.lbm">
      <Filter>Resource files\fonts</Filter>
    </None>
    <None Include="data\fonts\sqt5\font_05x07_extra.lbm">
      <Filter>Resource files\fonts</Filter>
    </None>
    <None Include="data\fonts\sqt5\font_08x10.lbm">
      <Filter>Resource files\fonts</Filter>
    </None>
    <None Include="data\fonts\sqt5\font_10x14_compressed.lbm">
      <Filter>Resource files\fonts</Filter>
    </None>
    <None Include="data\fonts\sqt5\font_10x14_extra.lbm">
      <Filter>Resource files\fonts</Filter>
    </None>
    <None Include="data\fonts\sqt5\font_22x38_num.lbm">
      <Filter>Resource files\fonts</Filter>
    </None>
    <None Include="data\bitmaps\128x64\about.lbm">
      <Filter>Resource files\bitmaps</Filter>
    </None>
    <None Include="data\bitmaps\128x64\asterisk.lbm">
      <Filter>Resource files\bitmaps</Filter>
    </None>
    <None Include="data\bitmaps\128x64\sleep.lbm">
      <Filter>Resource files\bitmaps</Filter>
    </None>
    <None Include="data\bitmaps\128x64\splash.lbm">
      <Filter>Resource files\bitmaps</Filter>
    </None>
    <None Include="data\bitmaps\sticks.lbm">
      <Filter>Resource files\bitmaps</Filter>
    </None>
    <None Include="SAM4S16C.props">
      <Filter>VisualGDB settings</Filter>
    </None>
    <None Include="SAM4S16C.vgdbsettings">
      <Filter>VisualGDB settings</Filter>
    </None>
  </ItemGroup>
  <ItemGroup>
    <ClInclude Include="src\gui\128x64\gui.h">
      <Filter>Source files\gui\128x64</Filter>
    </ClInclude>
    <ClInclude Include="src\gui\128x64\lcd.h">
      <Filter>Source files\gui\128x64</Filter>
    </ClInclude>
    <ClInclude Include="src\gui\128x64\menus.h">
      <Filter>Source files\gui\128x64</Filter>
    </ClInclude>
    <ClInclude Include="src\gui\128x64\popups.h">
      <Filter>Source files\gui\128x64</Filter>
    </ClInclude>
    <ClInclude Include="src\gui\common\stdlcd\draw_functions.h">
      <Filter>Source files\gui\common\stdlcd</Filter>
    </ClInclude>
    <ClInclude Include="src\gui\common\stdlcd\menus.h">
      <Filter>Source files\gui\common\stdlcd</Filter>
    </ClInclude>
    <ClInclude Include="src\gui\common\stdlcd\popups.h">
      <Filter>Source files\gui\common\stdlcd</Filter>
    </ClInclude>
    <ClInclude Include="src\gui\gui_common.h">
      <Filter>Source files\gui</Filter>
    </ClInclude>
    <ClInclude Include="src\io\frsky_firmware_update.h">
      <Filter>Source files\io</Filter>
    </ClInclude>
    <ClInclude Include="src\io\frsky_pxx2.h">
      <Filter>Source files\io</Filter>
    </ClInclude>
    <ClInclude Include="src\io\frsky_sport.h">
      <Filter>Source files\io</Filter>
    </ClInclude>
    <ClInclude Include="src\io\multi_firmware_update.h">
      <Filter>Source files\io</Filter>
    </ClInclude>
    <ClInclude Include="src\io\stk500.h">
      <Filter>Source files\io</Filter>
    </ClInclude>
    <ClInclude Include="src\lua\lua_api.h">
      <Filter>Source files\lua</Filter>
    </ClInclude>
    <ClInclude Include="src\pulses\modules_constants.h">
      <Filter>Source files\pulses</Filter>
    </ClInclude>
    <ClInclude Include="src\pulses\modules_helpers.h">
      <Filter>Source files\pulses</Filter>
    </ClInclude>
    <ClInclude Include="src\pulses\multi.h">
      <Filter>Source files\pulses</Filter>
    </ClInclude>
    <ClInclude Include="src\pulses\pulses.h">
      <Filter>Source files\pulses</Filter>
    </ClInclude>
    <ClInclude Include="src\pulses\pulses_common.h">
      <Filter>Source files\pulses</Filter>
    </ClInclude>
    <ClInclude Include="src\pulses\pxx.h">
      <Filter>Source files\pulses</Filter>
    </ClInclude>
    <ClInclude Include="src\pulses\pxx1.h">
      <Filter>Source files\pulses</Filter>
    </ClInclude>
    <ClInclude Include="src\pulses\pxx2.h">
      <Filter>Source files\pulses</Filter>
    </ClInclude>
    <ClInclude Include="src\storage\conversions\conversions.h">
      <Filter>Source files\storage\conversion</Filter>
    </ClInclude>
    <ClInclude Include="src\storage\conversions\datastructs_218.h">
      <Filter>Source files\storage\conversion</Filter>
    </ClInclude>
    <ClInclude Include="src\storage\eeprom_common.h">
      <Filter>Source files\storage</Filter>
    </ClInclude>
    <ClInclude Include="src\storage\eeprom_raw.h">
      <Filter>Source files\storage</Filter>
    </ClInclude>
    <ClInclude Include="src\storage\eeprom_rlc.h">
      <Filter>Source files\storage</Filter>
    </ClInclude>
    <ClInclude Include="src\storage\modelslist.h">
      <Filter>Source files\storage</Filter>
    </ClInclude>
    <ClInclude Include="src\storage\rtc_backup.h">
      <Filter>Source files\storage</Filter>
    </ClInclude>
    <ClInclude Include="src\storage\sdcard_raw.h">
      <Filter>Source files\storage</Filter>
    </ClInclude>
    <ClInclude Include="src\storage\storage.h">
      <Filter>Source files\storage</Filter>
    </ClInclude>
    <ClInclude Include="src\targets\sky9x\audio_driver.h">
      <Filter>Source files\targets\sky9x</Filter>
    </ClInclude>
    <ClInclude Include="src\targets\sky9x\board.h">
      <Filter>Source files\targets\sky9x</Filter>
    </ClInclude>
    <ClInclude Include="src\targets\sky9x\board_lowlevel.h">
      <Filter>Source files\targets\sky9x</Filter>
    </ClInclude>
    <ClInclude Include="src\targets\sky9x\i2c_driver.h">
      <Filter>Source files\targets\sky9x</Filter>
    </ClInclude>
    <ClInclude Include="src\targets\sky9x\Media.h">
      <Filter>Source files\targets\sky9x</Filter>
    </ClInclude>
    <ClInclude Include="src\telemetry\crossfire.h">
      <Filter>Source files\telemetry</Filter>
    </ClInclude>
    <ClInclude Include="src\telemetry\flysky_ibus.h">
      <Filter>Source files\telemetry</Filter>
    </ClInclude>
    <ClInclude Include="src\telemetry\frsky.h">
      <Filter>Source files\telemetry</Filter>
    </ClInclude>
    <ClInclude Include="src\telemetry\hitec.h">
      <Filter>Source files\telemetry</Filter>
    </ClInclude>
    <ClInclude Include="src\telemetry\hott.h">
      <Filter>Source files\telemetry</Filter>
    </ClInclude>
    <ClInclude Include="src\telemetry\multi.h">
      <Filter>Source files\telemetry</Filter>
    </ClInclude>
    <ClInclude Include="src\telemetry\spektrum.h">
      <Filter>Source files\telemetry</Filter>
    </ClInclude>
    <ClInclude Include="src\telemetry\telemetry.h">
      <Filter>Source files\telemetry</Filter>
    </ClInclude>
    <ClInclude Include="src\telemetry\telemetry_holders.h">
      <Filter>Source files\telemetry</Filter>
    </ClInclude>
    <ClInclude Include="src\telemetry\telemetry_sensors.h">
      <Filter>Source files\telemetry</Filter>
    </ClInclude>
    <ClInclude Include="src\thirdparty\CoOS\kernel\coocox.h">
      <Filter>Source files\thirdparty\CoOS\kernel</Filter>
    </ClInclude>
    <ClInclude Include="src\thirdparty\CoOS\kernel\CoOS.h">
      <Filter>Source files\thirdparty\CoOS\kernel</Filter>
    </ClInclude>
    <ClInclude Include="src\thirdparty\CoOS\kernel\OsCore.h">
      <Filter>Source files\thirdparty\CoOS\kernel</Filter>
    </ClInclude>
    <ClInclude Include="src\thirdparty\CoOS\kernel\OsError.h">
      <Filter>Source files\thirdparty\CoOS\kernel</Filter>
    </ClInclude>
    <ClInclude Include="src\thirdparty\CoOS\kernel\OsEvent.h">
      <Filter>Source files\thirdparty\CoOS\kernel</Filter>
    </ClInclude>
    <ClInclude Include="src\thirdparty\CoOS\kernel\OsFlag.h">
      <Filter>Source files\thirdparty\CoOS\kernel</Filter>
    </ClInclude>
    <ClInclude Include="src\thirdparty\CoOS\kernel\OsMM.h">
      <Filter>Source files\thirdparty\CoOS\kernel</Filter>
    </ClInclude>
    <ClInclude Include="src\thirdparty\CoOS\kernel\OsMutex.h">
      <Filter>Source files\thirdparty\CoOS\kernel</Filter>
    </ClInclude>
    <ClInclude Include="src\thirdparty\CoOS\kernel\OsQueue.h">
      <Filter>Source files\thirdparty\CoOS\kernel</Filter>
    </ClInclude>
    <ClInclude Include="src\thirdparty\CoOS\kernel\OsServiceReq.h">
      <Filter>Source files\thirdparty\CoOS\kernel</Filter>
    </ClInclude>
    <ClInclude Include="src\thirdparty\CoOS\kernel\OsTask.h">
      <Filter>Source files\thirdparty\CoOS\kernel</Filter>
    </ClInclude>
    <ClInclude Include="src\thirdparty\CoOS\kernel\OsTime.h">
      <Filter>Source files\thirdparty\CoOS\kernel</Filter>
    </ClInclude>
    <ClInclude Include="src\thirdparty\CoOS\kernel\OsTimer.h">
      <Filter>Source files\thirdparty\CoOS\kernel</Filter>
    </ClInclude>
    <ClInclude Include="src\thirdparty\CoOS\kernel\utility.h">
      <Filter>Source files\thirdparty\CoOS\kernel</Filter>
    </ClInclude>
    <ClInclude Include="src\thirdparty\CoOS\portable\OsArch.h">
      <Filter>Source files\thirdparty\CoOS\portable</Filter>
    </ClInclude>
    <ClInclude Include="src\thirdparty\CoOS\OsConfig.h">
      <Filter>Source files\thirdparty\CoOS</Filter>
    </ClInclude>
    <ClInclude Include="src\thirdparty\FatFs\diskio.h">
      <Filter>Source files\thirdparty\FatFs</Filter>
    </ClInclude>
    <ClInclude Include="src\thirdparty\FatFs\ff.h">
      <Filter>Source files\thirdparty\FatFs</Filter>
    </ClInclude>
    <ClInclude Include="src\thirdparty\FatFs\ffconf.h">
      <Filter>Source files\thirdparty\FatFs</Filter>
    </ClInclude>
    <ClInclude Include="src\thirdparty\FatFs\integer.h">
      <Filter>Source files\thirdparty\FatFs</Filter>
    </ClInclude>
    <ClInclude Include="src\thirdparty\libopenui\src\basenumberedit.h">
      <Filter>Source files\thirdparty\libopenui</Filter>
    </ClInclude>
    <ClInclude Include="src\thirdparty\libopenui\src\bitfield.h">
      <Filter>Source files\thirdparty\libopenui</Filter>
    </ClInclude>
    <ClInclude Include="src\thirdparty\libopenui\src\bitmapbuffer.h">
      <Filter>Source files\thirdparty\libopenui</Filter>
    </ClInclude>
    <ClInclude Include="src\thirdparty\libopenui\src\button.h">
      <Filter>Source files\thirdparty\libopenui</Filter>
    </ClInclude>
    <ClInclude Include="src\thirdparty\libopenui\src\checkbox.h">
      <Filter>Source files\thirdparty\libopenui</Filter>
    </ClInclude>
    <ClInclude Include="src\thirdparty\libopenui\src\choice.h">
      <Filter>Source files\thirdparty\libopenui</Filter>
    </ClInclude>
    <ClInclude Include="src\thirdparty\libopenui\src\coloredit.h">
      <Filter>Source files\thirdparty\libopenui</Filter>
    </ClInclude>
    <ClInclude Include="src\thirdparty\libopenui\src\dialog.h">
      <Filter>Source files\thirdparty\libopenui</Filter>
    </ClInclude>
    <ClInclude Include="src\thirdparty\libopenui\src\filechoice.h">
      <Filter>Source files\thirdparty\libopenui</Filter>
    </ClInclude>
    <ClInclude Include="src\thirdparty\libopenui\src\font.h">
      <Filter>Source files\thirdparty\libopenui</Filter>
    </ClInclude>
    <ClInclude Include="src\thirdparty\libopenui\src\form.h">
      <Filter>Source files\thirdparty\libopenui</Filter>
    </ClInclude>
    <ClInclude Include="src\thirdparty\libopenui\src\gridlayout.h">
      <Filter>Source files\thirdparty\libopenui</Filter>
    </ClInclude>
    <ClInclude Include="src\thirdparty\libopenui\src\keyboard_base.h">
      <Filter>Source files\thirdparty\libopenui</Filter>
    </ClInclude>
    <ClInclude Include="src\thirdparty\libopenui\src\keyboard_number.h">
      <Filter>Source files\thirdparty\libopenui</Filter>
    </ClInclude>
    <ClInclude Include="src\thirdparty\libopenui\src\keyboard_text.h">
      <Filter>Source files\thirdparty\libopenui</Filter>
    </ClInclude>
    <ClInclude Include="src\thirdparty\libopenui\src\libopenui_defines.h">
      <Filter>Source files\thirdparty\libopenui</Filter>
    </ClInclude>
    <ClInclude Include="src\thirdparty\libopenui\src\libopenui_depends.h">
      <Filter>Source files\thirdparty\libopenui</Filter>
    </ClInclude>
    <ClInclude Include="src\thirdparty\libopenui\src\libopenui_file.h">
      <Filter>Source files\thirdparty\libopenui</Filter>
    </ClInclude>
    <ClInclude Include="src\thirdparty\libopenui\src\libopenui_globals.h">
      <Filter>Source files\thirdparty\libopenui</Filter>
    </ClInclude>
    <ClInclude Include="src\thirdparty\libopenui\src\libopenui_helpers.h">
      <Filter>Source files\thirdparty\libopenui</Filter>
    </ClInclude>
    <ClInclude Include="src\thirdparty\libopenui\src\libopenui_types.h">
      <Filter>Source files\thirdparty\libopenui</Filter>
    </ClInclude>
    <ClInclude Include="src\thirdparty\libopenui\src\mainwindow.h">
      <Filter>Source files\thirdparty\libopenui</Filter>
    </ClInclude>
    <ClInclude Include="src\thirdparty\libopenui\src\menu.h">
      <Filter>Source files\thirdparty\libopenui</Filter>
    </ClInclude>
    <ClInclude Include="src\thirdparty\libopenui\src\menutoolbar.h">
      <Filter>Source files\thirdparty\libopenui</Filter>
    </ClInclude>
    <ClInclude Include="src\thirdparty\libopenui\src\modal_window.h">
      <Filter>Source files\thirdparty\libopenui</Filter>
    </ClInclude>
    <ClInclude Include="src\thirdparty\libopenui\src\numberedit.h">
      <Filter>Source files\thirdparty\libopenui</Filter>
    </ClInclude>
    <ClInclude Include="src\thirdparty\libopenui\src\progress.h">
      <Filter>Source files\thirdparty\libopenui</Filter>
    </ClInclude>
    <ClInclude Include="src\thirdparty\libopenui\src\slider.h">
      <Filter>Source files\thirdparty\libopenui</Filter>
    </ClInclude>
    <ClInclude Include="src\thirdparty\libopenui\src\static.h">
      <Filter>Source files\thirdparty\libopenui</Filter>
    </ClInclude>
    <ClInclude Include="src\thirdparty\libopenui\src\table.h">
      <Filter>Source files\thirdparty\libopenui</Filter>
    </ClInclude>
    <ClInclude Include="src\thirdparty\libopenui\src\textedit.h">
      <Filter>Source files\thirdparty\libopenui</Filter>
    </ClInclude>
    <ClInclude Include="src\thirdparty\libopenui\src\theme.h">
      <Filter>Source files\thirdparty\libopenui</Filter>
    </ClInclude>
    <ClInclude Include="src\thirdparty\libopenui\src\window.h">
      <Filter>Source files\thirdparty\libopenui</Filter>
    </ClInclude>
    <ClInclude Include="src\thirdparty\Lua\src\lapi.h">
      <Filter>Source files\thirdparty\lua</Filter>
    </ClInclude>
    <ClInclude Include="src\thirdparty\Lua\src\lauxlib.h">
      <Filter>Source files\thirdparty\lua</Filter>
    </ClInclude>
    <ClInclude Include="src\thirdparty\Lua\src\lcode.h">
      <Filter>Source files\thirdparty\lua</Filter>
    </ClInclude>
    <ClInclude Include="src\thirdparty\Lua\src\lctype.h">
      <Filter>Source files\thirdparty\lua</Filter>
    </ClInclude>
    <ClInclude Include="src\thirdparty\Lua\src\ldebug.h">
      <Filter>Source files\thirdparty\lua</Filter>
    </ClInclude>
    <ClInclude Include="src\thirdparty\Lua\src\ldo.h">
      <Filter>Source files\thirdparty\lua</Filter>
    </ClInclude>
    <ClInclude Include="src\thirdparty\Lua\src\lfunc.h">
      <Filter>Source files\thirdparty\lua</Filter>
    </ClInclude>
    <ClInclude Include="src\thirdparty\Lua\src\lgc.h">
      <Filter>Source files\thirdparty\lua</Filter>
    </ClInclude>
    <ClInclude Include="src\thirdparty\Lua\src\llex.h">
      <Filter>Source files\thirdparty\lua</Filter>
    </ClInclude>
    <ClInclude Include="src\thirdparty\Lua\src\llimits.h">
      <Filter>Source files\thirdparty\lua</Filter>
    </ClInclude>
    <ClInclude Include="src\thirdparty\Lua\src\lmem.h">
      <Filter>Source files\thirdparty\lua</Filter>
    </ClInclude>
    <ClInclude Include="src\thirdparty\Lua\src\lobject.h">
      <Filter>Source files\thirdparty\lua</Filter>
    </ClInclude>
    <ClInclude Include="src\thirdparty\Lua\src\lopcodes.h">
      <Filter>Source files\thirdparty\lua</Filter>
    </ClInclude>
    <ClInclude Include="src\thirdparty\Lua\src\lparser.h">
      <Filter>Source files\thirdparty\lua</Filter>
    </ClInclude>
    <ClInclude Include="src\thirdparty\Lua\src\lrotable.h">
      <Filter>Source files\thirdparty\lua</Filter>
    </ClInclude>
    <ClInclude Include="src\thirdparty\Lua\src\lstate.h">
      <Filter>Source files\thirdparty\lua</Filter>
    </ClInclude>
    <ClInclude Include="src\thirdparty\Lua\src\lstring.h">
      <Filter>Source files\thirdparty\lua</Filter>
    </ClInclude>
    <ClInclude Include="src\thirdparty\Lua\src\ltable.h">
      <Filter>Source files\thirdparty\lua</Filter>
    </ClInclude>
    <ClInclude Include="src\thirdparty\Lua\src\ltm.h">
      <Filter>Source files\thirdparty\lua</Filter>
    </ClInclude>
    <ClInclude Include="src\thirdparty\Lua\src\lua.h">
      <Filter>Source files\thirdparty\lua</Filter>
    </ClInclude>
    <ClInclude Include="src\thirdparty\Lua\src\lua.hpp">
      <Filter>Source files\thirdparty\lua</Filter>
    </ClInclude>
    <ClInclude Include="src\thirdparty\Lua\src\luaconf.h">
      <Filter>Source files\thirdparty\lua</Filter>
    </ClInclude>
    <ClInclude Include="src\thirdparty\Lua\src\lualib.h">
      <Filter>Source files\thirdparty\lua</Filter>
    </ClInclude>
    <ClInclude Include="src\thirdparty\Lua\src\lundump.h">
      <Filter>Source files\thirdparty\lua</Filter>
    </ClInclude>
    <ClInclude Include="src\thirdparty\Lua\src\lvm.h">
      <Filter>Source files\thirdparty\lua</Filter>
    </ClInclude>
    <ClInclude Include="src\thirdparty\Lua\src\lzio.h">
      <Filter>Source files\thirdparty\lua</Filter>
    </ClInclude>
    <ClInclude Include="src\audio.h">
      <Filter>Source files</Filter>
    </ClInclude>
    <ClInclude Include="src\bin_allocator.h">
      <Filter>Source files</Filter>
    </ClInclude>
    <ClInclude Include="src\bitfield.h">
      <Filter>Source files</Filter>
    </ClInclude>
    <ClInclude Include="src\bluetooth.h">
      <Filter>Source files</Filter>
    </ClInclude>
    <ClInclude Include="src\buzzer.h">
      <Filter>Source files</Filter>
    </ClInclude>
    <ClInclude Include="src\chksize.h">
      <Filter>Source files</Filter>
    </ClInclude>
    <ClInclude Include="src\cli.h">
      <Filter>Source files</Filter>
    </ClInclude>
    <ClInclude Include="src\crc.h">
      <Filter>Source files</Filter>
    </ClInclude>
    <ClInclude Include="src\dataconstants.h">
      <Filter>Source files</Filter>
    </ClInclude>
    <ClInclude Include="src\datastructs.h">
      <Filter>Source files</Filter>
    </ClInclude>
    <ClInclude Include="src\debounce.h">
      <Filter>Source files</Filter>
    </ClInclude>
    <ClInclude Include="src\debug.h">
      <Filter>Source files</Filter>
    </ClInclude>
    <ClInclude Include="src\definitions.h">
      <Filter>Source files</Filter>
    </ClInclude>
    <ClInclude Include="src\disk_cache.h">
      <Filter>Source files</Filter>
    </ClInclude>
    <ClInclude Include="src\dmafifo.h">
      <Filter>Source files</Filter>
    </ClInclude>
    <ClInclude Include="src\dump.h">
      <Filter>Source files</Filter>
    </ClInclude>
    <ClInclude Include="src\fifo.h">
      <Filter>Source files</Filter>
    </ClInclude>
    <ClInclude Include="src\fonts.h">
      <Filter>Source files</Filter>
    </ClInclude>
    <ClInclude Include="src\gps.h">
      <Filter>Source files</Filter>
    </ClInclude>
    <ClInclude Include="src\gvars.h">
      <Filter>Source files</Filter>
    </ClInclude>
    <ClInclude Include="src\gyro.h">
      <Filter>Source files</Filter>
    </ClInclude>
    <ClInclude Include="src\haptic.h">
      <Filter>Source files</Filter>
    </ClInclude>
    <ClInclude Include="src\keys.h">
      <Filter>Source files</Filter>
    </ClInclude>
    <ClInclude Include="src\myeeprom.h">
      <Filter>Source files</Filter>
    </ClInclude>
    <ClInclude Include="src\opentx.h">
      <Filter>Source files</Filter>
    </ClInclude>
    <ClInclude Include="src\opentx_constants.h">
      <Filter>Source files</Filter>
    </ClInclude>
    <ClInclude Include="src\opentx_helpers.h">
      <Filter>Source files</Filter>
    </ClInclude>
    <ClInclude Include="src\opentx_types.h">
      <Filter>Source files</Filter>
    </ClInclude>
    <ClInclude Include="src\options.h">
      <Filter>Source files</Filter>
    </ClInclude>
    <ClInclude Include="src\pwr.h">
      <Filter>Source files</Filter>
    </ClInclude>
    <ClInclude Include="src\rtc.h">
      <Filter>Source files</Filter>
    </ClInclude>
    <ClInclude Include="src\rtos.h">
      <Filter>Source files</Filter>
    </ClInclude>
    <ClInclude Include="src\sbus.h">
      <Filter>Source files</Filter>
    </ClInclude>
    <ClInclude Include="src\sdcard.h">
      <Filter>Source files</Filter>
    </ClInclude>
    <ClInclude Include="src\serial.h">
      <Filter>Source files</Filter>
    </ClInclude>
    <ClInclude Include="src\stamp.h">
      <Filter>Source files</Filter>
    </ClInclude>
    <ClInclude Include="src\strhelpers.h">
      <Filter>Source files</Filter>
    </ClInclude>
    <ClInclude Include="src\tasks.h">
      <Filter>Source files</Filter>
    </ClInclude>
    <ClInclude Include="src\timers.h">
      <Filter>Source files</Filter>
    </ClInclude>
    <ClInclude Include="src\trainer.h">
      <Filter>Source files</Filter>
    </ClInclude>
    <ClInclude Include="src\translations.h">
      <Filter>Source files</Filter>
    </ClInclude>
    <ClInclude Include="src\targets\sky9x\usb_driver.h">
      <Filter>Source files\targets\sky9x</Filter>
    </ClInclude>
    <ClInclude Include="src\targets\sky9x\sam4s16c.h">
      <Filter>Source files\targets\sky9x</Filter>
    </ClInclude>
    <ClInclude Include="src\targets\sky9x\system_sam4s.h">
      <Filter>Source files\targets\sky9x</Filter>
    </ClInclude>
    <ClInclude Include="src\targets\sky9x\cmsis_compiler.h">
      <Filter>Source files\targets\sky9x</Filter>
    </ClInclude>
    <ClInclude Include="src\targets\sky9x\cmsis_gcc.h">
      <Filter>Source files\targets\sky9x</Filter>
    </ClInclude>
    <ClInclude Include="src\targets\sky9x\cmsis_version.h">
      <Filter>Source files\targets\sky9x</Filter>
    </ClInclude>
    <ClInclude Include="src\targets\sky9x\core_cm4.h">
      <Filter>Source files\targets\sky9x</Filter>
    </ClInclude>
    <ClInclude Include="src\targets\sky9x\mpu_armv7.h">
      <Filter>Source files\targets\sky9x</Filter>
    </ClInclude>
    <ClInclude Include="src\targets\sky9x\usb\usb_protocol.h">
      <Filter>Source files\targets\sky9x\usb</Filter>
    </ClInclude>
    <ClInclude Include="src\targets\sky9x\usb\udc\udc.h">
      <Filter>Source files\targets\sky9x\usb\udc</Filter>
    </ClInclude>
    <ClInclude Include="src\targets\sky9x\usb\udc\udc_desc.h">
      <Filter>Source files\targets\sky9x\usb\udc</Filter>
    </ClInclude>
    <ClInclude Include="src\targets\sky9x\usb\udc\udd.h">
      <Filter>Source files\targets\sky9x\usb\udc</Filter>
    </ClInclude>
    <ClInclude Include="src\targets\sky9x\usb\udc\udi.h">
      <Filter>Source files\targets\sky9x\usb\udc</Filter>
    </ClInclude>
    <ClInclude Include="src\targets\sky9x\usb\class\hid\usb_protocol_hid.h">
      <Filter>Source files\targets\sky9x\usb\class\hid</Filter>
    </ClInclude>
    <ClInclude Include="src\targets\sky9x\usb\class\hid\device\udi_hid.h">
      <Filter>Source files\targets\sky9x\usb\class\hid\device</Filter>
    </ClInclude>
    <ClInclude Include="src\targets\sky9x\usb\class\hid\device\joystick\udi_hid_joystick.h">
      <Filter>Source files\targets\sky9x\usb\class\hid\device\joystick</Filter>
    </ClInclude>
    <ClInclude Include="src\targets\sky9x\usb\usb_config.h">
      <Filter>Source files\targets\sky9x\usb</Filter>
    </ClInclude>
    <ClInclude Include="src\targets\sky9x\usb\udp\udp_device.h">
      <Filter>Source files\targets\sky9x\usb\udp</Filter>
    </ClInclude>
  </ItemGroup>
  <ItemGroup>
    <Image Include="data\fonts\sqt5\font_03x05.png">
      <Filter>Resource files\fonts</Filter>
    </Image>
    <Image Include="data\fonts\sqt5\font_04x06.png">
      <Filter>Resource files\fonts</Filter>
    </Image>
    <Image Include="data\fonts\sqt5\font_04x06_extra.png">
      <Filter>Resource files\fonts</Filter>
    </Image>
    <Image Include="data\fonts\sqt5\font_05x07.png">
      <Filter>Resource files\fonts</Filter>
    </Image>
    <Image Include="data\fonts\sqt5\font_05x07_B_compressed.png">
      <Filter>Resource files\fonts</Filter>
    </Image>
    <Image Include="data\fonts\sqt5\font_05x07_extra.png">
      <Filter>Resource files\fonts</Filter>
    </Image>
    <Image Include="data\fonts\sqt5\font_08x10.png">
      <Filter>Resource files\fonts</Filter>
    </Image>
    <Image Include="data\fonts\sqt5\font_10x14_compressed.png">
      <Filter>Resource files\fonts</Filter>
    </Image>
    <Image Include="data\fonts\sqt5\font_10x14_extra.png">
      <Filter>Resource files\fonts</Filter>
    </Image>
    <Image Include="data\fonts\sqt5\font_22x38_num.png">
      <Filter>Resource files\fonts</Filter>
    </Image>
    <Image Include="data\bitmaps\128x64\about.png">
      <Filter>Resource files\bitmaps</Filter>
    </Image>
    <Image Include="data\bitmaps\128x64\asterisk.png">
      <Filter>Resource files\bitmaps</Filter>
    </Image>
    <Image Include="data\bitmaps\128x64\sleep.png">
      <Filter>Resource files\bitmaps</Filter>
    </Image>
    <Image Include="data\bitmaps\128x64\splash.png">
      <Filter>Resource files\bitmaps</Filter>
    </Image>
    <Image Include="data\bitmaps\sticks.png">
      <Filter>Resource files\bitmaps</Filter>
    </Image>
  </ItemGroup>
  <ItemGroup>
    <Text Include="data\translations\cz.h.txt">
      <Filter>Resource files\translations</Filter>
    </Text>
    <Text Include="data\translations\de.h.txt">
      <Filter>Resource files\translations</Filter>
    </Text>
    <Text Include="data\translations\en.h.txt">
      <Filter>Resource files\translations</Filter>
    </Text>
    <Text Include="data\translations\es.h.txt">
      <Filter>Resource files\translations</Filter>
    </Text>
    <Text Include="data\translations\fi.h.txt">
      <Filter>Resource files\translations</Filter>
    </Text>
    <Text Include="data\translations\fr.h.txt">
      <Filter>Resource files\translations</Filter>
    </Text>
    <Text Include="data\translations\it.h.txt">
      <Filter>Resource files\translations</Filter>
    </Text>
    <Text Include="data\translations\nl.h.txt">
      <Filter>Resource files\translations</Filter>
    </Text>
    <Text Include="data\translations\pl.h.txt">
      <Filter>Resource files\translations</Filter>
    </Text>
    <Text Include="data\translations\pt.h.txt">
      <Filter>Resource files\translations</Filter>
    </Text>
    <Text Include="data\translations\se.h.txt">
      <Filter>Resource files\translations</Filter>
    </Text>
  </ItemGroup>
  <ItemGroup>
    <Xml Include="SAM4S16C.xml">
      <Filter>VisualGDB settings</Filter>
    </Xml>
  </ItemGroup>
  <ItemGroup>
    <LinkerScript Include="src\targets\sky9x\sam4s16c_flash.ld" />
  </ItemGroup>
</Project>